# This file is automatically @generated by Cargo.
# It is not intended for manual editing.
version = 4

[[package]]
name = "fhebench"
version = "0.1.0"

[[package]]
name = "fhebridge"
version = "0.1.0"

[[package]]
name = "fhekit"
version = "0.1.0"

[[package]]
name = "fheplan"
version = "0.1.0"

[[package]]
name = "fhetest"
version = "0.1.0"
